
Microsoft Visual Studio Solution File, Format Version 10.00
# Visual C++ Express 2008
Project("{8BC9CEB8-8B4A-11D0-8D11-00A0C91BC942}") = "Lab_Assignment7b", "Lab_Assignment7b\Lab_Assignment7b.vcproj", "{4B63B011-53DF-469D-A83D-5F10824AE59E}"
EndProject
Global
	GlobalSection(SolutionConfigurationPlatforms) = preSolution
		Debug|Win32 = Debug|Win32
		Release|Win32 = Release|Win32
	EndGlobalSection
	GlobalSection(ProjectConfigurationPlatforms) = postSolution
		{4B63B011-53DF-469D-A83D-5F10824AE59E}.Debug|Win32.ActiveCfg = Debug|Win32
		{4B63B011-53DF-469D-A83D-5F10824AE59E}.Debug|Win32.Build.0 = Debug|Win32
		{4B63B011-53DF-469D-A83D-5F10824AE59E}.Release|Win32.ActiveCfg = Release|Win32
		{4B63B011-53DF-469D-A83D-5F10824AE59E}.Release|Win32.Build.0 = Release|Win32
	EndGlobalSection
	GlobalSection(SolutionProperties) = preSolution
		HideSolutionNode = FALSE
	EndGlobalSection
EndGlobal
