
Microsoft Visual Studio Solution File, Format Version 10.00
# Visual C++ Express 2008
Project("{8BC9CEB8-8B4A-11D0-8D11-00A0C91BC942}") = "Hours-Program", "Hours-Program\Hours-Program.vcproj", "{7A5E0B14-960C-453D-B2F8-80B1977E32CF}"
EndProject
Global
	GlobalSection(SolutionConfigurationPlatforms) = preSolution
		Debug|Win32 = Debug|Win32
		Release|Win32 = Release|Win32
	EndGlobalSection
	GlobalSection(ProjectConfigurationPlatforms) = postSolution
		{7A5E0B14-960C-453D-B2F8-80B1977E32CF}.Debug|Win32.ActiveCfg = Debug|Win32
		{7A5E0B14-960C-453D-B2F8-80B1977E32CF}.Debug|Win32.Build.0 = Debug|Win32
		{7A5E0B14-960C-453D-B2F8-80B1977E32CF}.Release|Win32.ActiveCfg = Release|Win32
		{7A5E0B14-960C-453D-B2F8-80B1977E32CF}.Release|Win32.Build.0 = Release|Win32
	EndGlobalSection
	GlobalSection(SolutionProperties) = preSolution
		HideSolutionNode = FALSE
	EndGlobalSection
EndGlobal
