// !$*UTF8*$!
{
	archiveVersion = 1;
	classes = {
	};
	objectVersion = 46;
	objects = {

/* Begin PBXGroup section */
		D64E75CD17AD6CD300FAF100 = {
			isa = PBXGroup;
			children = (
			);
			sourceTree = "<group>";
		};
/* End PBXGroup section */

/* Begin PBXProject section */
		D64E75CE17AD6CD300FAF100 /* Project object */ = {
			isa = PBXProject;
			attributes = {
				LastUpgradeCheck = 0460;
			};
			buildConfigurationList = D64E75D117AD6CD300FAF100 /* Build configuration list for PBXProject "cryp" */;
			compatibilityVersion = "Xcode 3.2";
			developmentRegion = English;
			hasScannedForEncodings = 0;
			knownRegions = (
				en,
			);
			mainGroup = D64E75CD17AD6CD300FAF100;
			projectDirPath = "";
			projectRoot = "";
			targets = (
			);
		};
/* End PBXProject section */

/* Begin XCBuildConfiguration section */
		D64E75D217AD6CD300FAF100 /* Debug */ = {
			isa = XCBuildConfiguration;
			buildSettings = {
			};
			name = Debug;
		};
		D64E75D317AD6CD300FAF100 /* Release */ = {
			isa = XCBuildConfiguration;
			buildSettings = {
			};
			name = Release;
		};
/* End XCBuildConfiguration section */

/* Begin XCConfigurationList section */
		D64E75D117AD6CD300FAF100 /* Build configuration list for PBXProject "cryp" */ = {
			isa = XCConfigurationList;
			buildConfigurations = (
				D64E75D217AD6CD300FAF100 /* Debug */,
				D64E75D317AD6CD300FAF100 /* Release */,
			);
			defaultConfigurationIsVisible = 0;
			defaultConfigurationName = Release;
		};
/* End XCConfigurationList section */
	};
	rootObject = D64E75CE17AD6CD300FAF100 /* Project object */;
}
