
Microsoft Visual Studio Solution File, Format Version 10.00
# Visual C++ Express 2008
Project("{8BC9CEB8-8B4A-11D0-8D11-00A0C91BC942}") = "Assignment4_2", "Assignment4_2\Assignment4_2.vcproj", "{20889584-6E4F-4B5F-A52C-AC07AA20315D}"
EndProject
Global
	GlobalSection(SolutionConfigurationPlatforms) = preSolution
		Debug|Win32 = Debug|Win32
		Release|Win32 = Release|Win32
	EndGlobalSection
	GlobalSection(ProjectConfigurationPlatforms) = postSolution
		{20889584-6E4F-4B5F-A52C-AC07AA20315D}.Debug|Win32.ActiveCfg = Debug|Win32
		{20889584-6E4F-4B5F-A52C-AC07AA20315D}.Debug|Win32.Build.0 = Debug|Win32
		{20889584-6E4F-4B5F-A52C-AC07AA20315D}.Release|Win32.ActiveCfg = Release|Win32
		{20889584-6E4F-4B5F-A52C-AC07AA20315D}.Release|Win32.Build.0 = Release|Win32
	EndGlobalSection
	GlobalSection(SolutionProperties) = preSolution
		HideSolutionNode = FALSE
	EndGlobalSection
EndGlobal
