
Microsoft Visual Studio Solution File, Format Version 10.00
# Visual C++ Express 2008
Project("{8BC9CEB8-8B4A-11D0-8D11-00A0C91BC942}") = "HM1", "HM1\HM1.vcproj", "{4B1CB508-A836-458C-80F4-CB45138DC7D0}"
EndProject
Global
	GlobalSection(SolutionConfigurationPlatforms) = preSolution
		Debug|Win32 = Debug|Win32
		Release|Win32 = Release|Win32
	EndGlobalSection
	GlobalSection(ProjectConfigurationPlatforms) = postSolution
		{4B1CB508-A836-458C-80F4-CB45138DC7D0}.Debug|Win32.ActiveCfg = Debug|Win32
		{4B1CB508-A836-458C-80F4-CB45138DC7D0}.Debug|Win32.Build.0 = Debug|Win32
		{4B1CB508-A836-458C-80F4-CB45138DC7D0}.Release|Win32.ActiveCfg = Release|Win32
		{4B1CB508-A836-458C-80F4-CB45138DC7D0}.Release|Win32.Build.0 = Release|Win32
	EndGlobalSection
	GlobalSection(SolutionProperties) = preSolution
		HideSolutionNode = FALSE
	EndGlobalSection
EndGlobal
