
Microsoft Visual Studio Solution File, Format Version 10.00
# Visual C++ Express 2008
Project("{8BC9CEB8-8B4A-11D0-8D11-00A0C91BC942}") = "EET-222 - Lab Experiment No. 4", "EET-222 - Lab Experiment No. 4\EET-222 - Lab Experiment No. 4.vcproj", "{C78C4CB3-9F15-4147-9F36-A0B134CF74B6}"
EndProject
Global
	GlobalSection(SolutionConfigurationPlatforms) = preSolution
		Debug|Win32 = Debug|Win32
		Release|Win32 = Release|Win32
	EndGlobalSection
	GlobalSection(ProjectConfigurationPlatforms) = postSolution
		{C78C4CB3-9F15-4147-9F36-A0B134CF74B6}.Debug|Win32.ActiveCfg = Debug|Win32
		{C78C4CB3-9F15-4147-9F36-A0B134CF74B6}.Debug|Win32.Build.0 = Debug|Win32
		{C78C4CB3-9F15-4147-9F36-A0B134CF74B6}.Release|Win32.ActiveCfg = Release|Win32
		{C78C4CB3-9F15-4147-9F36-A0B134CF74B6}.Release|Win32.Build.0 = Release|Win32
	EndGlobalSection
	GlobalSection(SolutionProperties) = preSolution
		HideSolutionNode = FALSE
	EndGlobalSection
EndGlobal
