
Microsoft Visual Studio Solution File, Format Version 10.00
# Visual C++ Express 2008
Project("{8BC9CEB8-8B4A-11D0-8D11-00A0C91BC942}") = "LabNo.8", "LabNo.8\LabNo.8.vcproj", "{0197A9D8-C2A6-4582-9CC6-1AF3427DB296}"
EndProject
Global
	GlobalSection(SolutionConfigurationPlatforms) = preSolution
		Debug|Win32 = Debug|Win32
		Release|Win32 = Release|Win32
	EndGlobalSection
	GlobalSection(ProjectConfigurationPlatforms) = postSolution
		{0197A9D8-C2A6-4582-9CC6-1AF3427DB296}.Debug|Win32.ActiveCfg = Debug|Win32
		{0197A9D8-C2A6-4582-9CC6-1AF3427DB296}.Debug|Win32.Build.0 = Debug|Win32
		{0197A9D8-C2A6-4582-9CC6-1AF3427DB296}.Release|Win32.ActiveCfg = Release|Win32
		{0197A9D8-C2A6-4582-9CC6-1AF3427DB296}.Release|Win32.Build.0 = Release|Win32
	EndGlobalSection
	GlobalSection(SolutionProperties) = preSolution
		HideSolutionNode = FALSE
	EndGlobalSection
EndGlobal
