
Microsoft Visual Studio Solution File, Format Version 10.00
# Visual C++ Express 2008
Project("{8BC9CEB8-8B4A-11D0-8D11-00A0C91BC942}") = "Assignment4_1_", "Assignment4_1_\Assignment4_1_.vcproj", "{3DA3FB63-B990-4559-B067-FE90CFA3C872}"
EndProject
Global
	GlobalSection(SolutionConfigurationPlatforms) = preSolution
		Debug|Win32 = Debug|Win32
		Release|Win32 = Release|Win32
	EndGlobalSection
	GlobalSection(ProjectConfigurationPlatforms) = postSolution
		{3DA3FB63-B990-4559-B067-FE90CFA3C872}.Debug|Win32.ActiveCfg = Debug|Win32
		{3DA3FB63-B990-4559-B067-FE90CFA3C872}.Debug|Win32.Build.0 = Debug|Win32
		{3DA3FB63-B990-4559-B067-FE90CFA3C872}.Release|Win32.ActiveCfg = Release|Win32
		{3DA3FB63-B990-4559-B067-FE90CFA3C872}.Release|Win32.Build.0 = Release|Win32
	EndGlobalSection
	GlobalSection(SolutionProperties) = preSolution
		HideSolutionNode = FALSE
	EndGlobalSection
EndGlobal
