
Microsoft Visual Studio Solution File, Format Version 10.00
# Visual C++ Express 2008
Project("{8BC9CEB8-8B4A-11D0-8D11-00A0C91BC942}") = "PiterG", "PiterG\PiterG.vcproj", "{71C231AF-17C3-4180-8B70-C18FF70DECCF}"
EndProject
Global
	GlobalSection(SolutionConfigurationPlatforms) = preSolution
		Debug|Win32 = Debug|Win32
		Release|Win32 = Release|Win32
	EndGlobalSection
	GlobalSection(ProjectConfigurationPlatforms) = postSolution
		{71C231AF-17C3-4180-8B70-C18FF70DECCF}.Debug|Win32.ActiveCfg = Debug|Win32
		{71C231AF-17C3-4180-8B70-C18FF70DECCF}.Debug|Win32.Build.0 = Debug|Win32
		{71C231AF-17C3-4180-8B70-C18FF70DECCF}.Release|Win32.ActiveCfg = Release|Win32
		{71C231AF-17C3-4180-8B70-C18FF70DECCF}.Release|Win32.Build.0 = Release|Win32
	EndGlobalSection
	GlobalSection(SolutionProperties) = preSolution
		HideSolutionNode = FALSE
	EndGlobalSection
EndGlobal
