
Microsoft Visual Studio Solution File, Format Version 10.00
# Visual C++ Express 2008
Project("{8BC9CEB8-8B4A-11D0-8D11-00A0C91BC942}") = "4", "4\4.vcproj", "{8EEBD1EC-E587-47BF-91EE-2BEADCF3E19D}"
EndProject
Global
	GlobalSection(SolutionConfigurationPlatforms) = preSolution
		Debug|Win32 = Debug|Win32
		Release|Win32 = Release|Win32
	EndGlobalSection
	GlobalSection(ProjectConfigurationPlatforms) = postSolution
		{8EEBD1EC-E587-47BF-91EE-2BEADCF3E19D}.Debug|Win32.ActiveCfg = Debug|Win32
		{8EEBD1EC-E587-47BF-91EE-2BEADCF3E19D}.Debug|Win32.Build.0 = Debug|Win32
		{8EEBD1EC-E587-47BF-91EE-2BEADCF3E19D}.Release|Win32.ActiveCfg = Release|Win32
		{8EEBD1EC-E587-47BF-91EE-2BEADCF3E19D}.Release|Win32.Build.0 = Release|Win32
	EndGlobalSection
	GlobalSection(SolutionProperties) = preSolution
		HideSolutionNode = FALSE
	EndGlobalSection
EndGlobal
