
Microsoft Visual Studio Solution File, Format Version 10.00
# Visual C++ Express 2008
Project("{8BC9CEB8-8B4A-11D0-8D11-00A0C91BC942}") = "lab5", "lab5\lab5.vcproj", "{452383FD-3523-4889-A5D0-3D38E57BC53D}"
EndProject
Global
	GlobalSection(SolutionConfigurationPlatforms) = preSolution
		Debug|Win32 = Debug|Win32
		Release|Win32 = Release|Win32
	EndGlobalSection
	GlobalSection(ProjectConfigurationPlatforms) = postSolution
		{452383FD-3523-4889-A5D0-3D38E57BC53D}.Debug|Win32.ActiveCfg = Debug|Win32
		{452383FD-3523-4889-A5D0-3D38E57BC53D}.Debug|Win32.Build.0 = Debug|Win32
		{452383FD-3523-4889-A5D0-3D38E57BC53D}.Release|Win32.ActiveCfg = Release|Win32
		{452383FD-3523-4889-A5D0-3D38E57BC53D}.Release|Win32.Build.0 = Release|Win32
	EndGlobalSection
	GlobalSection(SolutionProperties) = preSolution
		HideSolutionNode = FALSE
	EndGlobalSection
EndGlobal
