
Microsoft Visual Studio Solution File, Format Version 10.00
# Visual C++ Express 2008
Project("{8BC9CEB8-8B4A-11D0-8D11-00A0C91BC942}") = "Assignment__1", "Assignment__1\Assignment__1.vcproj", "{0C0FBD6E-2EBE-4827-AA50-60F5C56B1B0C}"
EndProject
Global
	GlobalSection(SolutionConfigurationPlatforms) = preSolution
		Debug|Win32 = Debug|Win32
		Release|Win32 = Release|Win32
	EndGlobalSection
	GlobalSection(ProjectConfigurationPlatforms) = postSolution
		{0C0FBD6E-2EBE-4827-AA50-60F5C56B1B0C}.Debug|Win32.ActiveCfg = Debug|Win32
		{0C0FBD6E-2EBE-4827-AA50-60F5C56B1B0C}.Debug|Win32.Build.0 = Debug|Win32
		{0C0FBD6E-2EBE-4827-AA50-60F5C56B1B0C}.Release|Win32.ActiveCfg = Release|Win32
		{0C0FBD6E-2EBE-4827-AA50-60F5C56B1B0C}.Release|Win32.Build.0 = Release|Win32
	EndGlobalSection
	GlobalSection(SolutionProperties) = preSolution
		HideSolutionNode = FALSE
	EndGlobalSection
EndGlobal
