
Microsoft Visual Studio Solution File, Format Version 10.00
# Visual C++ Express 2008
Project("{8BC9CEB8-8B4A-11D0-8D11-00A0C91BC942}") = "A4 A", "A4 A.vcproj", "{B46D8105-0A8B-470C-9897-C834415FC3BD}"
EndProject
Global
	GlobalSection(SolutionConfigurationPlatforms) = preSolution
		Debug|Win32 = Debug|Win32
		Release|Win32 = Release|Win32
	EndGlobalSection
	GlobalSection(ProjectConfigurationPlatforms) = postSolution
		{B46D8105-0A8B-470C-9897-C834415FC3BD}.Debug|Win32.ActiveCfg = Debug|Win32
		{B46D8105-0A8B-470C-9897-C834415FC3BD}.Debug|Win32.Build.0 = Debug|Win32
		{B46D8105-0A8B-470C-9897-C834415FC3BD}.Release|Win32.ActiveCfg = Release|Win32
		{B46D8105-0A8B-470C-9897-C834415FC3BD}.Release|Win32.Build.0 = Release|Win32
	EndGlobalSection
	GlobalSection(SolutionProperties) = preSolution
		HideSolutionNode = FALSE
	EndGlobalSection
EndGlobal
