
Microsoft Visual Studio Solution File, Format Version 10.00
# Visual C++ Express 2008
Project("{8BC9CEB8-8B4A-11D0-8D11-00A0C91BC942}") = "LabAssignment11", "LabAssignment11\LabAssignment11.vcproj", "{EFA46EA9-21AB-4E6A-B8BA-8833B40B7882}"
EndProject
Global
	GlobalSection(SolutionConfigurationPlatforms) = preSolution
		Debug|Win32 = Debug|Win32
		Release|Win32 = Release|Win32
	EndGlobalSection
	GlobalSection(ProjectConfigurationPlatforms) = postSolution
		{EFA46EA9-21AB-4E6A-B8BA-8833B40B7882}.Debug|Win32.ActiveCfg = Debug|Win32
		{EFA46EA9-21AB-4E6A-B8BA-8833B40B7882}.Debug|Win32.Build.0 = Debug|Win32
		{EFA46EA9-21AB-4E6A-B8BA-8833B40B7882}.Release|Win32.ActiveCfg = Release|Win32
		{EFA46EA9-21AB-4E6A-B8BA-8833B40B7882}.Release|Win32.Build.0 = Release|Win32
	EndGlobalSection
	GlobalSection(SolutionProperties) = preSolution
		HideSolutionNode = FALSE
	EndGlobalSection
EndGlobal
